{
  "requires": true,
  "lockfileVersion": 1,
  "dependencies": {
    "commander": {
      "version": "2.20.3",
      "resolved": "https://registry.npmjs.org/commander/-/commander-2.20.3.tgz",
      "integrity": "sha512-GpVkmM8vF2vQUkj2LvZmD35JxeJOLCwJ9cUkugyk2nuhbv3+mJvpLYYt+0+USMxE+oj+ey/lJEnhZw75x/OMcQ=="
    },
    "get-git-info": {
      "version": "1.0.0",
      "resolved": "https://registry.npmjs.org/get-git-info/-/get-git-info-1.0.0.tgz",
      "integrity": "sha1-TzAw8GiJaM+ylhZ6vt/MKLhh5Ro=",
      "requires": {
        "iniparser": "1.0.5"
      }
    },
    "iniparser": {
      "version": "1.0.5",
      "resolved": "https://registry.npmjs.org/iniparser/-/iniparser-1.0.5.tgz",
      "integrity": "sha1-g21r7+bfv87gvM8c+fKsxwJ/eD0="
    },
    "travis": {
      "version": "0.1.1",
      "resolved": "https://registry.npmjs.org/travis/-/travis-0.1.1.tgz",
      "integrity": "sha1-gP4cNvbztzn84H5gY4OM5DY1fWA="
    },
    "travis-cli": {
      "version": "1.0.9",
      "resolved": "https://registry.npmjs.org/travis-cli/-/travis-cli-1.0.9.tgz",
      "integrity": "sha1-reuz0WJx0klAjh8E5FyCCe/OpdQ=",
      "requires": {
        "commander": "2.20.3",
        "get-git-info": "1.0.0"
      }
    }
  }
}
